
Microsoft Visual Studio Solution File, Format Version 12.00
# Visual Studio Version 17
VisualStudioVersion = 17.7.34003.232
MinimumVisualStudioVersion = 10.0.40219.1
Project("{FAE04EC0-301F-11D3-BF4B-00C04F79EFBC}") = "AlumasAPI", "AlumasAPI\AlumasAPI.csproj", "{0783073C-0821-46B2-93B3-8820D9A1D8D0}"
EndProject
Global
	GlobalSection(SolutionConfigurationPlatforms) = preSolution
		Debug|Any CPU = Debug|Any CPU
		Release|Any CPU = Release|Any CPU
	EndGlobalSection
	GlobalSection(ProjectConfigurationPlatforms) = postSolution
		{0783073C-0821-46B2-93B3-8820D9A1D8D0}.Debug|Any CPU.ActiveCfg = Debug|Any CPU
		{0783073C-0821-46B2-93B3-8820D9A1D8D0}.Debug|Any CPU.Build.0 = Debug|Any CPU
		{0783073C-0821-46B2-93B3-8820D9A1D8D0}.Release|Any CPU.ActiveCfg = Release|Any CPU
		{0783073C-0821-46B2-93B3-8820D9A1D8D0}.Release|Any CPU.Build.0 = Release|Any CPU
	EndGlobalSection
	GlobalSection(SolutionProperties) = preSolution
		HideSolutionNode = FALSE
	EndGlobalSection
	GlobalSection(ExtensibilityGlobals) = postSolution
		SolutionGuid = {3F921319-35FB-494D-AA2C-B8D73487C4F8}
	EndGlobalSection
EndGlobal
